
Microsoft Visual Studio Solution File, Format Version 12.00
# Visual Studio Version 16
VisualStudioVersion = 16.0.31005.135
MinimumVisualStudioVersion = 10.0.40219.1
Project("{8BC9CEB8-8B4A-11D0-8D11-00A0C91BC942}") = "templates", "templates.vcxproj", "{27EE5157-830D-480F-9F78-CF31CA892D51}"
EndProject
Global
	GlobalSection(SolutionConfigurationPlatforms) = preSolution
		Debug|x64 = Debug|x64
		Debug|x86 = Debug|x86
		Release|x64 = Release|x64
		Release|x86 = Release|x86
	EndGlobalSection
	GlobalSection(ProjectConfigurationPlatforms) = postSolution
		{27EE5157-830D-480F-9F78-CF31CA892D51}.Debug|x64.ActiveCfg = Debug|x64
		{27EE5157-830D-480F-9F78-CF31CA892D51}.Debug|x64.Build.0 = Debug|x64
		{27EE5157-830D-480F-9F78-CF31CA892D51}.Debug|x86.ActiveCfg = Debug|Win32
		{27EE5157-830D-480F-9F78-CF31CA892D51}.Debug|x86.Build.0 = Debug|Win32
		{27EE5157-830D-480F-9F78-CF31CA892D51}.Release|x64.ActiveCfg = Release|x64
		{27EE5157-830D-480F-9F78-CF31CA892D51}.Release|x64.Build.0 = Release|x64
		{27EE5157-830D-480F-9F78-CF31CA892D51}.Release|x86.ActiveCfg = Release|Win32
		{27EE5157-830D-480F-9F78-CF31CA892D51}.Release|x86.Build.0 = Release|Win32
	EndGlobalSection
	GlobalSection(SolutionProperties) = preSolution
		HideSolutionNode = FALSE
	EndGlobalSection
	GlobalSection(ExtensibilityGlobals) = postSolution
		SolutionGuid = {5CDB2FAA-18D4-42A8-80F6-91DE5083C0FB}
	EndGlobalSection
EndGlobal
